
Microsoft Visual Studio Solution File, Format Version 12.00
# Visual Studio Version 17
VisualStudioVersion = 17.0.32126.317
MinimumVisualStudioVersion = 10.0.40219.1
Project("{FAE04EC0-301F-11D3-BF4B-00C04F79EFBC}") = "WebApplicationForTest", "WebApplicationForTest\WebApplicationForTest.csproj", "{0A91690F-91AC-444B-B62C-CA241D5F4806}"
EndProject
Global
	GlobalSection(SolutionConfigurationPlatforms) = preSolution
		Debug|Any CPU = Debug|Any CPU
		Release|Any CPU = Release|Any CPU
	EndGlobalSection
	GlobalSection(ProjectConfigurationPlatforms) = postSolution
		{0A91690F-91AC-444B-B62C-CA241D5F4806}.Debug|Any CPU.ActiveCfg = Debug|Any CPU
		{0A91690F-91AC-444B-B62C-CA241D5F4806}.Debug|Any CPU.Build.0 = Debug|Any CPU
		{0A91690F-91AC-444B-B62C-CA241D5F4806}.Release|Any CPU.ActiveCfg = Release|Any CPU
		{0A91690F-91AC-444B-B62C-CA241D5F4806}.Release|Any CPU.Build.0 = Release|Any CPU
	EndGlobalSection
	GlobalSection(SolutionProperties) = preSolution
		HideSolutionNode = FALSE
	EndGlobalSection
	GlobalSection(ExtensibilityGlobals) = postSolution
		SolutionGuid = {ADF685AE-2EA5-4B76-A592-84EF8CA31FD8}
	EndGlobalSection
EndGlobal
